
Microsoft Visual Studio Solution File, Format Version 12.00
# Visual Studio 15
VisualStudioVersion = 15.0.27004.2005
MinimumVisualStudioVersion = 10.0.40219.1
Project("{FAE04EC0-301F-11D3-BF4B-00C04F79EFBC}") = "Scheduler", "Scheduler\Scheduler.csproj", "{FD3CE71D-A67C-4134-BECC-92157F6C1DDB}"
EndProject
Project("{FAE04EC0-301F-11D3-BF4B-00C04F79EFBC}") = "Mailer2", "Mailer2\Mailer2.csproj", "{26917F23-B3A0-4DEC-955B-36CAA61A154B}"
EndProject
Project("{FAE04EC0-301F-11D3-BF4B-00C04F79EFBC}") = "Models", "Models\Models.csproj", "{AE2CCAB8-4897-40F8-B00F-CFA8A948C43B}"
EndProject
Global
	GlobalSection(SolutionConfigurationPlatforms) = preSolution
		Debug|Any CPU = Debug|Any CPU
		Release|Any CPU = Release|Any CPU
	EndGlobalSection
	GlobalSection(ProjectConfigurationPlatforms) = postSolution
		{FD3CE71D-A67C-4134-BECC-92157F6C1DDB}.Debug|Any CPU.ActiveCfg = Debug|Any CPU
		{FD3CE71D-A67C-4134-BECC-92157F6C1DDB}.Debug|Any CPU.Build.0 = Debug|Any CPU
		{FD3CE71D-A67C-4134-BECC-92157F6C1DDB}.Release|Any CPU.ActiveCfg = Release|Any CPU
		{FD3CE71D-A67C-4134-BECC-92157F6C1DDB}.Release|Any CPU.Build.0 = Release|Any CPU
		{26917F23-B3A0-4DEC-955B-36CAA61A154B}.Debug|Any CPU.ActiveCfg = Debug|Any CPU
		{26917F23-B3A0-4DEC-955B-36CAA61A154B}.Debug|Any CPU.Build.0 = Debug|Any CPU
		{26917F23-B3A0-4DEC-955B-36CAA61A154B}.Release|Any CPU.ActiveCfg = Release|Any CPU
		{26917F23-B3A0-4DEC-955B-36CAA61A154B}.Release|Any CPU.Build.0 = Release|Any CPU
		{AE2CCAB8-4897-40F8-B00F-CFA8A948C43B}.Debug|Any CPU.ActiveCfg = Debug|Any CPU
		{AE2CCAB8-4897-40F8-B00F-CFA8A948C43B}.Debug|Any CPU.Build.0 = Debug|Any CPU
		{AE2CCAB8-4897-40F8-B00F-CFA8A948C43B}.Release|Any CPU.ActiveCfg = Release|Any CPU
		{AE2CCAB8-4897-40F8-B00F-CFA8A948C43B}.Release|Any CPU.Build.0 = Release|Any CPU
	EndGlobalSection
	GlobalSection(SolutionProperties) = preSolution
		HideSolutionNode = FALSE
	EndGlobalSection
	GlobalSection(ExtensibilityGlobals) = postSolution
		SolutionGuid = {8B9AF0F6-BC8A-4F9E-BC79-C9D574557B2C}
	EndGlobalSection
EndGlobal
